
Microsoft Visual Studio Solution File, Format Version 12.00
# Visual Studio Version 16
VisualStudioVersion = 16.0.31025.194
MinimumVisualStudioVersion = 10.0.40219.1
Project("{8BC9CEB8-8B4A-11D0-8D11-00A0C91BC942}") = "List", "List\List.vcxproj", "{DC6F3B6F-828E-4BB8-BB5A-7AEEC5A9CACA}"
EndProject
Global
	GlobalSection(SolutionConfigurationPlatforms) = preSolution
		Debug|x64 = Debug|x64
		Debug|x86 = Debug|x86
		Release|x64 = Release|x64
		Release|x86 = Release|x86
	EndGlobalSection
	GlobalSection(ProjectConfigurationPlatforms) = postSolution
		{DC6F3B6F-828E-4BB8-BB5A-7AEEC5A9CACA}.Debug|x64.ActiveCfg = Debug|x64
		{DC6F3B6F-828E-4BB8-BB5A-7AEEC5A9CACA}.Debug|x64.Build.0 = Debug|x64
		{DC6F3B6F-828E-4BB8-BB5A-7AEEC5A9CACA}.Debug|x86.ActiveCfg = Debug|Win32
		{DC6F3B6F-828E-4BB8-BB5A-7AEEC5A9CACA}.Debug|x86.Build.0 = Debug|Win32
		{DC6F3B6F-828E-4BB8-BB5A-7AEEC5A9CACA}.Release|x64.ActiveCfg = Release|x64
		{DC6F3B6F-828E-4BB8-BB5A-7AEEC5A9CACA}.Release|x64.Build.0 = Release|x64
		{DC6F3B6F-828E-4BB8-BB5A-7AEEC5A9CACA}.Release|x86.ActiveCfg = Release|Win32
		{DC6F3B6F-828E-4BB8-BB5A-7AEEC5A9CACA}.Release|x86.Build.0 = Release|Win32
	EndGlobalSection
	GlobalSection(SolutionProperties) = preSolution
		HideSolutionNode = FALSE
	EndGlobalSection
	GlobalSection(ExtensibilityGlobals) = postSolution
		SolutionGuid = {FB15378E-ADD4-4CEF-ADDF-42441BD9D514}
	EndGlobalSection
EndGlobal
